
Microsoft Visual Studio Solution File, Format Version 12.00
# Visual Studio 2015
Project("{FAE04EC0-301F-11D3-BF4B-00C04F79EFBC}") = "HoloViveObserver", "HoloViveObserver.csproj", "{9E0D06A0-9932-2F41-A44D-DD62C8CBDFCA}"
EndProject
Project("{FAE04EC0-301F-11D3-BF4B-00C04F79EFBC}") = "HoloViveObserver.Editor", "HoloViveObserver.Editor.csproj", "{F4C8809F-34B5-F116-BDC9-06ABCEB44AD8}"
EndProject
Global
	GlobalSection(SolutionConfigurationPlatforms) = preSolution
		Debug|Any CPU = Debug|Any CPU
		Release|Any CPU = Release|Any CPU
	EndGlobalSection
	GlobalSection(ProjectConfigurationPlatforms) = postSolution
		{9E0D06A0-9932-2F41-A44D-DD62C8CBDFCA}.Debug|Any CPU.ActiveCfg = Debug|Any CPU
		{9E0D06A0-9932-2F41-A44D-DD62C8CBDFCA}.Debug|Any CPU.Build.0 = Debug|Any CPU
		{9E0D06A0-9932-2F41-A44D-DD62C8CBDFCA}.Release|Any CPU.ActiveCfg = Release|Any CPU
		{9E0D06A0-9932-2F41-A44D-DD62C8CBDFCA}.Release|Any CPU.Build.0 = Release|Any CPU
		{F4C8809F-34B5-F116-BDC9-06ABCEB44AD8}.Debug|Any CPU.ActiveCfg = Debug|Any CPU
		{F4C8809F-34B5-F116-BDC9-06ABCEB44AD8}.Debug|Any CPU.Build.0 = Debug|Any CPU
		{F4C8809F-34B5-F116-BDC9-06ABCEB44AD8}.Release|Any CPU.ActiveCfg = Release|Any CPU
		{F4C8809F-34B5-F116-BDC9-06ABCEB44AD8}.Release|Any CPU.Build.0 = Release|Any CPU
	EndGlobalSection
	GlobalSection(SolutionProperties) = preSolution
		HideSolutionNode = FALSE
	EndGlobalSection
EndGlobal
